
Microsoft Visual Studio Solution File, Format Version 12.00
# Visual Studio Version 16
VisualStudioVersion = 25.0.1706.8
MinimumVisualStudioVersion = 10.0.40219.1
Project("{FAE04EC0-301F-11D3-BF4B-00C04F79EFBC}") = "ReverseString", "ReverseString\ReverseString.csproj", "{027BB874-8513-4BB4-B0FC-9DBC98A5EF0D}"
EndProject
Global
	GlobalSection(SolutionConfigurationPlatforms) = preSolution
		Debug|Any CPU = Debug|Any CPU
		Release|Any CPU = Release|Any CPU
	EndGlobalSection
	GlobalSection(ProjectConfigurationPlatforms) = postSolution
		{027BB874-8513-4BB4-B0FC-9DBC98A5EF0D}.Debug|Any CPU.ActiveCfg = Debug|Any CPU
		{027BB874-8513-4BB4-B0FC-9DBC98A5EF0D}.Debug|Any CPU.Build.0 = Debug|Any CPU
		{027BB874-8513-4BB4-B0FC-9DBC98A5EF0D}.Release|Any CPU.ActiveCfg = Release|Any CPU
		{027BB874-8513-4BB4-B0FC-9DBC98A5EF0D}.Release|Any CPU.Build.0 = Release|Any CPU
	EndGlobalSection
	GlobalSection(SolutionProperties) = preSolution
		HideSolutionNode = FALSE
	EndGlobalSection
	GlobalSection(ExtensibilityGlobals) = postSolution
		SolutionGuid = {38D89FA0-7A4C-40C7-8C90-9AA9231AE03B}
	EndGlobalSection
EndGlobal
